
Microsoft Visual Studio Solution File, Format Version 12.00
# Visual Studio Version 17
VisualStudioVersion = 17.0.31903.59
MinimumVisualStudioVersion = 10.0.40219.1
Project("{FAE04EC0-301F-11D3-BF4B-00C04F79EFBC}") = "complete-app", "complete-app.csproj", "{E7B41AB7-7F31-4AD4-B2E8-C555E377BF94}"
EndProject
Project("{FAE04EC0-301F-11D3-BF4B-00C04F79EFBC}") = "UltimaMagic.Gameplay", "..\..\shared\UltimaMagic.Gameplay\UltimaMagic.Gameplay.csproj", "{A4EE816B-111A-4DDD-8C4C-1CCEA4D006ED}"
EndProject
Project("{FAE04EC0-301F-11D3-BF4B-00C04F79EFBC}") = "UltimaMagic.Gameplay.Tests", "Tests\UltimaMagic.Gameplay.Tests.csproj", "{590626AA-E601-4A8C-940A-7A5867306157}"
EndProject
Global
	GlobalSection(SolutionConfigurationPlatforms) = preSolution
		Debug|Any CPU = Debug|Any CPU
		Debug|x64 = Debug|x64
		Debug|x86 = Debug|x86
		Release|Any CPU = Release|Any CPU
		Release|x64 = Release|x64
		Release|x86 = Release|x86
	EndGlobalSection
	GlobalSection(ProjectConfigurationPlatforms) = postSolution
		{E7B41AB7-7F31-4AD4-B2E8-C555E377BF94}.Debug|Any CPU.ActiveCfg = Debug|Any CPU
		{E7B41AB7-7F31-4AD4-B2E8-C555E377BF94}.Debug|Any CPU.Build.0 = Debug|Any CPU
		{E7B41AB7-7F31-4AD4-B2E8-C555E377BF94}.Debug|x64.ActiveCfg = Debug|Any CPU
		{E7B41AB7-7F31-4AD4-B2E8-C555E377BF94}.Debug|x64.Build.0 = Debug|Any CPU
		{E7B41AB7-7F31-4AD4-B2E8-C555E377BF94}.Debug|x86.ActiveCfg = Debug|Any CPU
		{E7B41AB7-7F31-4AD4-B2E8-C555E377BF94}.Debug|x86.Build.0 = Debug|Any CPU
		{E7B41AB7-7F31-4AD4-B2E8-C555E377BF94}.Release|Any CPU.ActiveCfg = Release|Any CPU
		{E7B41AB7-7F31-4AD4-B2E8-C555E377BF94}.Release|Any CPU.Build.0 = Release|Any CPU
		{E7B41AB7-7F31-4AD4-B2E8-C555E377BF94}.Release|x64.ActiveCfg = Release|Any CPU
		{E7B41AB7-7F31-4AD4-B2E8-C555E377BF94}.Release|x64.Build.0 = Release|Any CPU
		{E7B41AB7-7F31-4AD4-B2E8-C555E377BF94}.Release|x86.ActiveCfg = Release|Any CPU
		{E7B41AB7-7F31-4AD4-B2E8-C555E377BF94}.Release|x86.Build.0 = Release|Any CPU
		{A4EE816B-111A-4DDD-8C4C-1CCEA4D006ED}.Debug|Any CPU.ActiveCfg = Debug|Any CPU
		{A4EE816B-111A-4DDD-8C4C-1CCEA4D006ED}.Debug|Any CPU.Build.0 = Debug|Any CPU
		{A4EE816B-111A-4DDD-8C4C-1CCEA4D006ED}.Debug|x64.ActiveCfg = Debug|Any CPU
		{A4EE816B-111A-4DDD-8C4C-1CCEA4D006ED}.Debug|x64.Build.0 = Debug|Any CPU
		{A4EE816B-111A-4DDD-8C4C-1CCEA4D006ED}.Debug|x86.ActiveCfg = Debug|Any CPU
		{A4EE816B-111A-4DDD-8C4C-1CCEA4D006ED}.Debug|x86.Build.0 = Debug|Any CPU
		{A4EE816B-111A-4DDD-8C4C-1CCEA4D006ED}.Release|Any CPU.ActiveCfg = Release|Any CPU
		{A4EE816B-111A-4DDD-8C4C-1CCEA4D006ED}.Release|Any CPU.Build.0 = Release|Any CPU
		{A4EE816B-111A-4DDD-8C4C-1CCEA4D006ED}.Release|x64.ActiveCfg = Release|Any CPU
		{A4EE816B-111A-4DDD-8C4C-1CCEA4D006ED}.Release|x64.Build.0 = Release|Any CPU
		{A4EE816B-111A-4DDD-8C4C-1CCEA4D006ED}.Release|x86.ActiveCfg = Release|Any CPU
		{A4EE816B-111A-4DDD-8C4C-1CCEA4D006ED}.Release|x86.Build.0 = Release|Any CPU
		{590626AA-E601-4A8C-940A-7A5867306157}.Debug|Any CPU.ActiveCfg = Debug|Any CPU
		{590626AA-E601-4A8C-940A-7A5867306157}.Debug|Any CPU.Build.0 = Debug|Any CPU
		{590626AA-E601-4A8C-940A-7A5867306157}.Debug|x64.ActiveCfg = Debug|Any CPU
		{590626AA-E601-4A8C-940A-7A5867306157}.Debug|x64.Build.0 = Debug|Any CPU
		{590626AA-E601-4A8C-940A-7A5867306157}.Debug|x86.ActiveCfg = Debug|Any CPU
		{590626AA-E601-4A8C-940A-7A5867306157}.Debug|x86.Build.0 = Debug|Any CPU
		{590626AA-E601-4A8C-940A-7A5867306157}.Release|Any CPU.ActiveCfg = Release|Any CPU
		{590626AA-E601-4A8C-940A-7A5867306157}.Release|Any CPU.Build.0 = Release|Any CPU
		{590626AA-E601-4A8C-940A-7A5867306157}.Release|x64.ActiveCfg = Release|Any CPU
		{590626AA-E601-4A8C-940A-7A5867306157}.Release|x64.Build.0 = Release|Any CPU
		{590626AA-E601-4A8C-940A-7A5867306157}.Release|x86.ActiveCfg = Release|Any CPU
		{590626AA-E601-4A8C-940A-7A5867306157}.Release|x86.Build.0 = Release|Any CPU
	EndGlobalSection
	GlobalSection(SolutionProperties) = preSolution
		HideSolutionNode = FALSE
	EndGlobalSection
EndGlobal
